
Microsoft Visual Studio Solution File, Format Version 12.00
# Visual Studio Version 16
VisualStudioVersion = 25.0.1704.3
MinimumVisualStudioVersion = 10.0.40219.1
Project("{FAE04EC0-301F-11D3-BF4B-00C04F79EFBC}") = "Lab12 Data Structures", "Lab12 Data Structures\Lab12 Data Structures.csproj", "{A6327040-3956-4631-A10A-1B0D46F595CE}"
EndProject
Global
	GlobalSection(SolutionConfigurationPlatforms) = preSolution
		Debug|Any CPU = Debug|Any CPU
		Release|Any CPU = Release|Any CPU
	EndGlobalSection
	GlobalSection(ProjectConfigurationPlatforms) = postSolution
		{A6327040-3956-4631-A10A-1B0D46F595CE}.Debug|Any CPU.ActiveCfg = Debug|Any CPU
		{A6327040-3956-4631-A10A-1B0D46F595CE}.Debug|Any CPU.Build.0 = Debug|Any CPU
		{A6327040-3956-4631-A10A-1B0D46F595CE}.Release|Any CPU.ActiveCfg = Release|Any CPU
		{A6327040-3956-4631-A10A-1B0D46F595CE}.Release|Any CPU.Build.0 = Release|Any CPU
	EndGlobalSection
	GlobalSection(SolutionProperties) = preSolution
		HideSolutionNode = FALSE
	EndGlobalSection
	GlobalSection(ExtensibilityGlobals) = postSolution
		SolutionGuid = {E7BFB211-0AB1-4754-8E9B-835F447363C0}
	EndGlobalSection
EndGlobal
